# This file is automatically @generated by Cargo.
# It is not intended for manual editing.
version = 4

[[package]]
name = "gsae-1-chart"
version = "0.1.0"
dependencies = [
 "gsae-chart-core",
 "gsae-core-types",
]

[[package]]
name = "gsae-2-metric"
version = "0.1.0"
dependencies = [
 "gsae-chart-core",
 "gsae-core-types",
 "gsae-geodesics",
 "gsae-linalg",
 "gsae-pullback-metric",
 "gsae-state-geometry",
]

[[package]]
name = "gsae-3-gauge"
version = "0.1.0"
dependencies = [
 "gsae-chart-core",
 "gsae-core-types",
 "gsae-linalg",
 "gsae-pullback-metric",
 "gsae-state-geometry",
]

[[package]]
name = "gsae-4-transport"
version = "0.1.0"
dependencies = [
 "gsae-chart-core",
 "gsae-core-types",
 "gsae-linalg",
 "gsae-pullback-metric",
 "gsae-state-geometry",
]

[[package]]
name = "gsae-5-hypergraph"
version = "0.1.0"
dependencies = [
 "gsae-chart-core",
 "gsae-core-types",
]

[[package]]
name = "gsae-6-hyperpath"
version = "0.1.0"
dependencies = [
 "gsae-4-transport",
 "gsae-5-hypergraph",
 "gsae-chart-core",
 "gsae-core-types",
]

[[package]]
name = "gsae-artifacts"
version = "0.1.0"

[[package]]
name = "gsae-atlas-manager"
version = "0.1.0"
dependencies = [
 "gsae-core-types",
]

[[package]]
name = "gsae-atlas-router"
version = "0.1.0"
dependencies = [
 "gsae-core-types",
]

[[package]]
name = "gsae-autodiff"
version = "0.1.0"
dependencies = [
 "gsae-core-types",
 "gsae-linalg",
]

[[package]]
name = "gsae-benchmarks"
version = "0.1.0"

[[package]]
name = "gsae-chart-core"
version = "0.1.0"
dependencies = [
 "gsae-autodiff",
 "gsae-core-types",
 "gsae-linalg",
]

[[package]]
name = "gsae-cli"
version = "0.1.0"

[[package]]
name = "gsae-core-types"
version = "0.1.0"

[[package]]
name = "gsae-demo"
version = "0.1.0"
dependencies = [
 "gsae-1-chart",
 "gsae-2-metric",
 "gsae-3-gauge",
 "gsae-4-transport",
 "gsae-5-hypergraph",
 "gsae-6-hyperpath",
 "gsae-chart-core",
 "gsae-core-types",
 "gsae-geodesics",
 "gsae-pullback-metric",
 "gsae-state-geometry",
]

[[package]]
name = "gsae-geodesics"
version = "0.1.0"
dependencies = [
 "gsae-chart-core",
 "gsae-core-types",
 "gsae-linalg",
 "gsae-pullback-metric",
 "gsae-state-geometry",
]

[[package]]
name = "gsae-linalg"
version = "0.1.0"
dependencies = [
 "gsae-core-types",
]

[[package]]
name = "gsae-multilayer-runtime"
version = "0.1.0"
dependencies = [
 "gsae-core-types",
]

[[package]]
name = "gsae-objective"
version = "0.1.0"
dependencies = [
 "gsae-core-types",
]

[[package]]
name = "gsae-pullback-metric"
version = "0.1.0"
dependencies = [
 "gsae-chart-core",
 "gsae-core-types",
 "gsae-linalg",
 "gsae-state-geometry",
]

[[package]]
name = "gsae-py"
version = "0.1.0"

[[package]]
name = "gsae-state-geometry"
version = "0.1.0"
dependencies = [
 "gsae-core-types",
 "gsae-linalg",
]

[[package]]
name = "gsae-training"
version = "0.1.0"
dependencies = [
 "gsae-objective",
]
